
Microsoft Visual Studio Solution File, Format Version 12.00
# Visual Studio Version 17
VisualStudioVersion = 17.7.34024.191
MinimumVisualStudioVersion = 10.0.40219.1
Project("{FAE04EC0-301F-11D3-BF4B-00C04F79EFBC}") = "DirtyCLR", "DirtyCLR\DirtyCLR.csproj", "{46EB7B83-3404-4DFC-94CC-704B02D11464}"
EndProject
Global
	GlobalSection(SolutionConfigurationPlatforms) = preSolution
		Debug|Any CPU = Debug|Any CPU
		Release|Any CPU = Release|Any CPU
	EndGlobalSection
	GlobalSection(ProjectConfigurationPlatforms) = postSolution
		{46EB7B83-3404-4DFC-94CC-704B02D11464}.Debug|Any CPU.ActiveCfg = Debug|Any CPU
		{46EB7B83-3404-4DFC-94CC-704B02D11464}.Debug|Any CPU.Build.0 = Debug|Any CPU
		{46EB7B83-3404-4DFC-94CC-704B02D11464}.Release|Any CPU.ActiveCfg = Release|Any CPU
		{46EB7B83-3404-4DFC-94CC-704B02D11464}.Release|Any CPU.Build.0 = Release|Any CPU
	EndGlobalSection
	GlobalSection(SolutionProperties) = preSolution
		HideSolutionNode = FALSE
	EndGlobalSection
	GlobalSection(ExtensibilityGlobals) = postSolution
		SolutionGuid = {67F74096-7DEB-4169-9238-5234B46F503E}
	EndGlobalSection
EndGlobal
